// !$*UTF8*$!
{
	archiveVersion = 1;
	classes = {
	};
	objectVersion = 50;
	objects = {

/* Begin PBXBuildFile section */
		50008B6122846FCD001E3EE4 /* Notifications.swift in Sources */ = {isa = PBXBuildFile; fileRef = 50008B6022846FCD001E3EE4 /* Notifications.swift */; };
		5012CAAD226AB09000BD9565 /* VerticalRule.swift in Sources */ = {isa = PBXBuildFile; fileRef = 5012CAAC226AB09000BD9565 /* VerticalRule.swift */; };
		507FED43227FFF5300BD77DC /* PreferencesController.swift in Sources */ = {isa = PBXBuildFile; fileRef = 507FED41227FFF5300BD77DC /* PreferencesController.swift */; };
		507FED44227FFF5300BD77DC /* PreferencesController.xib in Resources */ = {isa = PBXBuildFile; fileRef = 507FED42227FFF5300BD77DC /* PreferencesController.xib */; };
		507FED602280E13200BD77DC /* Prefs.swift in Sources */ = {isa = PBXBuildFile; fileRef = 507FED5F2280E13200BD77DC /* Prefs.swift */; };
		50C6D891228BDBAD0091F19E /* Images.xcassets in Resources */ = {isa = PBXBuildFile; fileRef = 50C6D890228BDBAD0091F19E /* Images.xcassets */; };
		50CCB206227FCD26004645C5 /* AppIconLayout.swift in Sources */ = {isa = PBXBuildFile; fileRef = 50CCB205227FCD26004645C5 /* AppIconLayout.swift */; };
		50D7BEE7227D42FD0008B95E /* RulerController.swift in Sources */ = {isa = PBXBuildFile; fileRef = 50D7BEE6227D42FD0008B95E /* RulerController.swift */; };
		50D7BEE9227D43270008B95E /* Ruler.swift in Sources */ = {isa = PBXBuildFile; fileRef = 50D7BEE8227D43270008B95E /* Ruler.swift */; };
		50D7BEEB227D432E0008B95E /* RulerWindow.swift in Sources */ = {isa = PBXBuildFile; fileRef = 50D7BEEA227D432E0008B95E /* RulerWindow.swift */; };
		50D7BEED227D5C810008B95E /* RuleView.swift in Sources */ = {isa = PBXBuildFile; fileRef = 50D7BEEC227D5C810008B95E /* RuleView.swift */; };
		50FC527E25BF326800B84228 /* FreeRuler.help in Resources */ = {isa = PBXBuildFile; fileRef = 50FC527D25BF326800B84228 /* FreeRuler.help */; };
		6F4102892260712F00F06A10 /* AppDelegate.swift in Sources */ = {isa = PBXBuildFile; fileRef = 6F4102882260712F00F06A10 /* AppDelegate.swift */; };
		6F41028E2260713100F06A10 /* MainMenu.xib in Resources */ = {isa = PBXBuildFile; fileRef = 6F41028C2260713100F06A10 /* MainMenu.xib */; };
		6F41029F22607DC900F06A10 /* HorizontalRule.swift in Sources */ = {isa = PBXBuildFile; fileRef = 6F41029E22607DC900F06A10 /* HorizontalRule.swift */; };
		9DC872BB23550CF600C455EA /* DebugUtil.swift in Sources */ = {isa = PBXBuildFile; fileRef = 9DC872BA23550CF600C455EA /* DebugUtil.swift */; };
/* End PBXBuildFile section */

/* Begin PBXCopyFilesBuildPhase section */
		5077EFD2227E6D9D00A13D57 /* CopyFiles */ = {
			isa = PBXCopyFilesBuildPhase;
			buildActionMask = 2147483647;
			dstPath = "";
			dstSubfolderSpec = 16;
			files = (
			);
			runOnlyForDeploymentPostprocessing = 0;
		};
		5077EFD9227E6E6400A13D57 /* Embed Frameworks */ = {
			isa = PBXCopyFilesBuildPhase;
			buildActionMask = 2147483647;
			dstPath = "";
			dstSubfolderSpec = 16;
			files = (
			);
			name = "Embed Frameworks";
			runOnlyForDeploymentPostprocessing = 0;
		};
/* End PBXCopyFilesBuildPhase section */

/* Begin PBXFileReference section */
		50008B6022846FCD001E3EE4 /* Notifications.swift */ = {isa = PBXFileReference; lastKnownFileType = sourcecode.swift; path = Notifications.swift; sourceTree = "<group>"; };
		5012CAAC226AB09000BD9565 /* VerticalRule.swift */ = {isa = PBXFileReference; fileEncoding = 4; lastKnownFileType = sourcecode.swift; path = VerticalRule.swift; sourceTree = "<group>"; };
		507FED41227FFF5300BD77DC /* PreferencesController.swift */ = {isa = PBXFileReference; lastKnownFileType = sourcecode.swift; path = PreferencesController.swift; sourceTree = "<group>"; };
		507FED5F2280E13200BD77DC /* Prefs.swift */ = {isa = PBXFileReference; lastKnownFileType = sourcecode.swift; path = Prefs.swift; sourceTree = "<group>"; };
		50C6D890228BDBAD0091F19E /* Images.xcassets */ = {isa = PBXFileReference; lastKnownFileType = folder.assetcatalog; path = Images.xcassets; sourceTree = "<group>"; };
		50CCB205227FCD26004645C5 /* AppIconLayout.swift */ = {isa = PBXFileReference; lastKnownFileType = sourcecode.swift; path = AppIconLayout.swift; sourceTree = "<group>"; };
		50D7BEE6227D42FD0008B95E /* RulerController.swift */ = {isa = PBXFileReference; fileEncoding = 4; lastKnownFileType = sourcecode.swift; path = RulerController.swift; sourceTree = "<group>"; };
		50D7BEE8227D43270008B95E /* Ruler.swift */ = {isa = PBXFileReference; fileEncoding = 4; lastKnownFileType = sourcecode.swift; path = Ruler.swift; sourceTree = "<group>"; };
		50D7BEEA227D432E0008B95E /* RulerWindow.swift */ = {isa = PBXFileReference; fileEncoding = 4; lastKnownFileType = sourcecode.swift; path = RulerWindow.swift; sourceTree = "<group>"; };
		50D7BEEC227D5C810008B95E /* RuleView.swift */ = {isa = PBXFileReference; lastKnownFileType = sourcecode.swift; path = RuleView.swift; sourceTree = "<group>"; };
		50FC527D25BF326800B84228 /* FreeRuler.help */ = {isa = PBXFileReference; lastKnownFileType = folder; path = FreeRuler.help; sourceTree = "<group>"; };
		53AF6A4225A456E30076AAB7 /* fi */ = {isa = PBXFileReference; lastKnownFileType = text.plist.strings; name = fi; path = fi.lproj/MainMenu.strings; sourceTree = "<group>"; };
		53AF6A4325A456E30076AAB7 /* fi */ = {isa = PBXFileReference; lastKnownFileType = text.plist.strings; name = fi; path = fi.lproj/PreferencesController.strings; sourceTree = "<group>"; };
		6F4102852260712F00F06A10 /* Free Ruler.app */ = {isa = PBXFileReference; explicitFileType = wrapper.application; includeInIndex = 0; path = "Free Ruler.app"; sourceTree = BUILT_PRODUCTS_DIR; };
		6F4102882260712F00F06A10 /* AppDelegate.swift */ = {isa = PBXFileReference; lastKnownFileType = sourcecode.swift; path = AppDelegate.swift; sourceTree = "<group>"; };
		6F41028D2260713100F06A10 /* Base */ = {isa = PBXFileReference; lastKnownFileType = file.xib; name = Base; path = Base.lproj/MainMenu.xib; sourceTree = "<group>"; };
		6F41028F2260713100F06A10 /* Info.plist */ = {isa = PBXFileReference; lastKnownFileType = text.plist.xml; path = Info.plist; sourceTree = "<group>"; };
		6F4102902260713100F06A10 /* Free_Ruler.entitlements */ = {isa = PBXFileReference; lastKnownFileType = text.plist.entitlements; path = Free_Ruler.entitlements; sourceTree = "<group>"; };
		6F41029E22607DC900F06A10 /* HorizontalRule.swift */ = {isa = PBXFileReference; lastKnownFileType = sourcecode.swift; path = HorizontalRule.swift; sourceTree = "<group>"; };
		8F629823243003EA004F9099 /* de */ = {isa = PBXFileReference; lastKnownFileType = text.plist.strings; name = de; path = de.lproj/MainMenu.strings; sourceTree = "<group>"; };
		8F629825243003F6004F9099 /* Base */ = {isa = PBXFileReference; lastKnownFileType = file.xib; name = Base; path = Base.lproj/PreferencesController.xib; sourceTree = "<group>"; };
		8F629828243003FF004F9099 /* de */ = {isa = PBXFileReference; lastKnownFileType = text.plist.strings; name = de; path = de.lproj/PreferencesController.strings; sourceTree = "<group>"; };
		9DC872BA23550CF600C455EA /* DebugUtil.swift */ = {isa = PBXFileReference; fileEncoding = 4; lastKnownFileType = sourcecode.swift; path = DebugUtil.swift; sourceTree = "<group>"; };
/* End PBXFileReference section */

/* Begin PBXFrameworksBuildPhase section */
		6F4102822260712F00F06A10 /* Frameworks */ = {
			isa = PBXFrameworksBuildPhase;
			buildActionMask = 2147483647;
			files = (
			);
			runOnlyForDeploymentPostprocessing = 0;
		};
/* End PBXFrameworksBuildPhase section */

/* Begin PBXGroup section */
		6F41027C2260712F00F06A10 = {
			isa = PBXGroup;
			children = (
				6F4102872260712F00F06A10 /* Free Ruler */,
				6F4102862260712F00F06A10 /* Products */,
			);
			sourceTree = "<group>";
		};
		6F4102862260712F00F06A10 /* Products */ = {
			isa = PBXGroup;
			children = (
				6F4102852260712F00F06A10 /* Free Ruler.app */,
			);
			name = Products;
			sourceTree = "<group>";
		};
		6F4102872260712F00F06A10 /* Free Ruler */ = {
			isa = PBXGroup;
			children = (
				9DC872BA23550CF600C455EA /* DebugUtil.swift */,
				50FC527D25BF326800B84228 /* FreeRuler.help */,
				507FED5F2280E13200BD77DC /* Prefs.swift */,
				50008B6022846FCD001E3EE4 /* Notifications.swift */,
				6F4102882260712F00F06A10 /* AppDelegate.swift */,
				6F41028C2260713100F06A10 /* MainMenu.xib */,
				50D7BEE8227D43270008B95E /* Ruler.swift */,
				50D7BEE6227D42FD0008B95E /* RulerController.swift */,
				50D7BEEA227D432E0008B95E /* RulerWindow.swift */,
				50D7BEEC227D5C810008B95E /* RuleView.swift */,
				6F41029E22607DC900F06A10 /* HorizontalRule.swift */,
				5012CAAC226AB09000BD9565 /* VerticalRule.swift */,
				507FED41227FFF5300BD77DC /* PreferencesController.swift */,
				507FED42227FFF5300BD77DC /* PreferencesController.xib */,
				50CCB205227FCD26004645C5 /* AppIconLayout.swift */,
				6F4102902260713100F06A10 /* Free_Ruler.entitlements */,
				6F41028F2260713100F06A10 /* Info.plist */,
				50C6D890228BDBAD0091F19E /* Images.xcassets */,
			);
			path = "Free Ruler";
			sourceTree = "<group>";
		};
/* End PBXGroup section */

/* Begin PBXNativeTarget section */
		6F4102842260712F00F06A10 /* Free Ruler */ = {
			isa = PBXNativeTarget;
			buildConfigurationList = 6F4102932260713100F06A10 /* Build configuration list for PBXNativeTarget "Free Ruler" */;
			buildPhases = (
				6F4102812260712F00F06A10 /* Sources */,
				6F4102822260712F00F06A10 /* Frameworks */,
				6F4102832260712F00F06A10 /* Resources */,
				5077EFD2227E6D9D00A13D57 /* CopyFiles */,
				5077EFD9227E6E6400A13D57 /* Embed Frameworks */,
			);
			buildRules = (
			);
			dependencies = (
			);
			name = "Free Ruler";
			productName = "Free Ruler";
			productReference = 6F4102852260712F00F06A10 /* Free Ruler.app */;
			productType = "com.apple.product-type.application";
		};
/* End PBXNativeTarget section */

/* Begin PBXProject section */
		6F41027D2260712F00F06A10 /* Project object */ = {
			isa = PBXProject;
			attributes = {
				LastSwiftUpdateCheck = 1020;
				LastUpgradeCheck = 1200;
				ORGANIZATIONNAME = "Free Ruler";
				TargetAttributes = {
					6F4102842260712F00F06A10 = {
						CreatedOnToolsVersion = 10.2;
					};
				};
			};
			buildConfigurationList = 6F4102802260712F00F06A10 /* Build configuration list for PBXProject "Free Ruler" */;
			compatibilityVersion = "Xcode 9.3";
			developmentRegion = en;
			hasScannedForEncodings = 0;
			knownRegions = (
				en,
				Base,
				de,
				fi,
			);
			mainGroup = 6F41027C2260712F00F06A10;
			productRefGroup = 6F4102862260712F00F06A10 /* Products */;
			projectDirPath = "";
			projectRoot = "";
			targets = (
				6F4102842260712F00F06A10 /* Free Ruler */,
			);
		};
/* End PBXProject section */

/* Begin PBXResourcesBuildPhase section */
		6F4102832260712F00F06A10 /* Resources */ = {
			isa = PBXResourcesBuildPhase;
			buildActionMask = 2147483647;
			files = (
				50C6D891228BDBAD0091F19E /* Images.xcassets in Resources */,
				50FC527E25BF326800B84228 /* FreeRuler.help in Resources */,
				507FED44227FFF5300BD77DC /* PreferencesController.xib in Resources */,
				6F41028E2260713100F06A10 /* MainMenu.xib in Resources */,
			);
			runOnlyForDeploymentPostprocessing = 0;
		};
/* End PBXResourcesBuildPhase section */

/* Begin PBXSourcesBuildPhase section */
		6F4102812260712F00F06A10 /* Sources */ = {
			isa = PBXSourcesBuildPhase;
			buildActionMask = 2147483647;
			files = (
				50008B6122846FCD001E3EE4 /* Notifications.swift in Sources */,
				507FED602280E13200BD77DC /* Prefs.swift in Sources */,
				50CCB206227FCD26004645C5 /* AppIconLayout.swift in Sources */,
				6F41029F22607DC900F06A10 /* HorizontalRule.swift in Sources */,
				50D7BEEB227D432E0008B95E /* RulerWindow.swift in Sources */,
				507FED43227FFF5300BD77DC /* PreferencesController.swift in Sources */,
				50D7BEE7227D42FD0008B95E /* RulerController.swift in Sources */,
				5012CAAD226AB09000BD9565 /* VerticalRule.swift in Sources */,
				6F4102892260712F00F06A10 /* AppDelegate.swift in Sources */,
				50D7BEED227D5C810008B95E /* RuleView.swift in Sources */,
				50D7BEE9227D43270008B95E /* Ruler.swift in Sources */,
				9DC872BB23550CF600C455EA /* DebugUtil.swift in Sources */,
			);
			runOnlyForDeploymentPostprocessing = 0;
		};
/* End PBXSourcesBuildPhase section */

/* Begin PBXVariantGroup section */
		507FED42227FFF5300BD77DC /* PreferencesController.xib */ = {
			isa = PBXVariantGroup;
			children = (
				8F629825243003F6004F9099 /* Base */,
				8F629828243003FF004F9099 /* de */,
				53AF6A4325A456E30076AAB7 /* fi */,
			);
			name = PreferencesController.xib;
			sourceTree = "<group>";
		};
		6F41028C2260713100F06A10 /* MainMenu.xib */ = {
			isa = PBXVariantGroup;
			children = (
				6F41028D2260713100F06A10 /* Base */,
				8F629823243003EA004F9099 /* de */,
				53AF6A4225A456E30076AAB7 /* fi */,
			);
			name = MainMenu.xib;
			sourceTree = "<group>";
		};
/* End PBXVariantGroup section */

/* Begin XCBuildConfiguration section */
		6F4102912260713100F06A10 /* Debug */ = {
			isa = XCBuildConfiguration;
			buildSettings = {
				ALWAYS_SEARCH_USER_PATHS = NO;
				CLANG_ANALYZER_LOCALIZABILITY_NONLOCALIZED = YES;
				CLANG_ANALYZER_NONNULL = YES;
				CLANG_ANALYZER_NUMBER_OBJECT_CONVERSION = YES_AGGRESSIVE;
				CLANG_CXX_LANGUAGE_STANDARD = "gnu++14";
				CLANG_CXX_LIBRARY = "libc++";
				CLANG_ENABLE_MODULES = YES;
				CLANG_ENABLE_OBJC_ARC = YES;
				CLANG_ENABLE_OBJC_WEAK = YES;
				CLANG_WARN_BLOCK_CAPTURE_AUTORELEASING = YES;
				CLANG_WARN_BOOL_CONVERSION = YES;
				CLANG_WARN_COMMA = YES;
				CLANG_WARN_CONSTANT_CONVERSION = YES;
				CLANG_WARN_DEPRECATED_OBJC_IMPLEMENTATIONS = YES;
				CLANG_WARN_DIRECT_OBJC_ISA_USAGE = YES_ERROR;
				CLANG_WARN_DOCUMENTATION_COMMENTS = YES;
				CLANG_WARN_EMPTY_BODY = YES;
				CLANG_WARN_ENUM_CONVERSION = YES;
				CLANG_WARN_INFINITE_RECURSION = YES;
				CLANG_WARN_INT_CONVERSION = YES;
				CLANG_WARN_NON_LITERAL_NULL_CONVERSION = YES;
				CLANG_WARN_OBJC_IMPLICIT_RETAIN_SELF = YES;
				CLANG_WARN_OBJC_LITERAL_CONVERSION = YES;
				CLANG_WARN_OBJC_ROOT_CLASS = YES_ERROR;
				CLANG_WARN_QUOTED_INCLUDE_IN_FRAMEWORK_HEADER = YES;
				CLANG_WARN_RANGE_LOOP_ANALYSIS = YES;
				CLANG_WARN_STRICT_PROTOTYPES = YES;
				CLANG_WARN_SUSPICIOUS_MOVE = YES;
				CLANG_WARN_UNGUARDED_AVAILABILITY = YES_AGGRESSIVE;
				CLANG_WARN_UNREACHABLE_CODE = YES;
				CLANG_WARN__DUPLICATE_METHOD_MATCH = YES;
				CODE_SIGN_IDENTITY = "Mac Developer";
				COPY_PHASE_STRIP = NO;
				DEBUG_INFORMATION_FORMAT = dwarf;
				ENABLE_STRICT_OBJC_MSGSEND = YES;
				ENABLE_TESTABILITY = YES;
				GCC_C_LANGUAGE_STANDARD = gnu11;
				GCC_DYNAMIC_NO_PIC = NO;
				GCC_NO_COMMON_BLOCKS = YES;
				GCC_OPTIMIZATION_LEVEL = 0;
				GCC_PREPROCESSOR_DEFINITIONS = (
					"DEBUG=1",
					"$(inherited)",
				);
				GCC_WARN_64_TO_32_BIT_CONVERSION = YES;
				GCC_WARN_ABOUT_RETURN_TYPE = YES_ERROR;
				GCC_WARN_UNDECLARED_SELECTOR = YES;
				GCC_WARN_UNINITIALIZED_AUTOS = YES_AGGRESSIVE;
				GCC_WARN_UNUSED_FUNCTION = YES;
				GCC_WARN_UNUSED_VARIABLE = YES;
				MACOSX_DEPLOYMENT_TARGET = 10.12;
				MTL_ENABLE_DEBUG_INFO = INCLUDE_SOURCE;
				MTL_FAST_MATH = YES;
				ONLY_ACTIVE_ARCH = YES;
				SDKROOT = macosx;
				SWIFT_ACTIVE_COMPILATION_CONDITIONS = DEBUG;
				SWIFT_OPTIMIZATION_LEVEL = "-Onone";
				SWIFT_VERSION = 5.0;
			};
			name = Debug;
		};
		6F4102922260713100F06A10 /* Release */ = {
			isa = XCBuildConfiguration;
			buildSettings = {
				ALWAYS_SEARCH_USER_PATHS = NO;
				CLANG_ANALYZER_LOCALIZABILITY_NONLOCALIZED = YES;
				CLANG_ANALYZER_NONNULL = YES;
				CLANG_ANALYZER_NUMBER_OBJECT_CONVERSION = YES_AGGRESSIVE;
				CLANG_CXX_LANGUAGE_STANDARD = "gnu++14";
				CLANG_CXX_LIBRARY = "libc++";
				CLANG_ENABLE_MODULES = YES;
				CLANG_ENABLE_OBJC_ARC = YES;
				CLANG_ENABLE_OBJC_WEAK = YES;
				CLANG_WARN_BLOCK_CAPTURE_AUTORELEASING = YES;
				CLANG_WARN_BOOL_CONVERSION = YES;
				CLANG_WARN_COMMA = YES;
				CLANG_WARN_CONSTANT_CONVERSION = YES;
				CLANG_WARN_DEPRECATED_OBJC_IMPLEMENTATIONS = YES;
				CLANG_WARN_DIRECT_OBJC_ISA_USAGE = YES_ERROR;
				CLANG_WARN_DOCUMENTATION_COMMENTS = YES;
				CLANG_WARN_EMPTY_BODY = YES;
				CLANG_WARN_ENUM_CONVERSION = YES;
				CLANG_WARN_INFINITE_RECURSION = YES;
				CLANG_WARN_INT_CONVERSION = YES;
				CLANG_WARN_NON_LITERAL_NULL_CONVERSION = YES;
				CLANG_WARN_OBJC_IMPLICIT_RETAIN_SELF = YES;
				CLANG_WARN_OBJC_LITERAL_CONVERSION = YES;
				CLANG_WARN_OBJC_ROOT_CLASS = YES_ERROR;
				CLANG_WARN_QUOTED_INCLUDE_IN_FRAMEWORK_HEADER = YES;
				CLANG_WARN_RANGE_LOOP_ANALYSIS = YES;
				CLANG_WARN_STRICT_PROTOTYPES = YES;
				CLANG_WARN_SUSPICIOUS_MOVE = YES;
				CLANG_WARN_UNGUARDED_AVAILABILITY = YES_AGGRESSIVE;
				CLANG_WARN_UNREACHABLE_CODE = YES;
				CLANG_WARN__DUPLICATE_METHOD_MATCH = YES;
				CODE_SIGN_IDENTITY = "Mac Developer";
				COPY_PHASE_STRIP = NO;
				DEBUG_INFORMATION_FORMAT = "dwarf-with-dsym";
				ENABLE_NS_ASSERTIONS = NO;
				ENABLE_STRICT_OBJC_MSGSEND = YES;
				GCC_C_LANGUAGE_STANDARD = gnu11;
				GCC_NO_COMMON_BLOCKS = YES;
				GCC_WARN_64_TO_32_BIT_CONVERSION = YES;
				GCC_WARN_ABOUT_RETURN_TYPE = YES_ERROR;
				GCC_WARN_UNDECLARED_SELECTOR = YES;
				GCC_WARN_UNINITIALIZED_AUTOS = YES_AGGRESSIVE;
				GCC_WARN_UNUSED_FUNCTION = YES;
				GCC_WARN_UNUSED_VARIABLE = YES;
				MACOSX_DEPLOYMENT_TARGET = 10.12;
				MTL_ENABLE_DEBUG_INFO = NO;
				MTL_FAST_MATH = YES;
				SDKROOT = macosx;
				SWIFT_COMPILATION_MODE = wholemodule;
				SWIFT_OPTIMIZATION_LEVEL = "-O";
				SWIFT_VERSION = 5.0;
			};
			name = Release;
		};
		6F4102942260713100F06A10 /* Debug */ = {
			isa = XCBuildConfiguration;
			buildSettings = {
				ALWAYS_EMBED_SWIFT_STANDARD_LIBRARIES = YES;
				ASSETCATALOG_COMPILER_APPICON_NAME = AppIcon;
				CODE_SIGN_ENTITLEMENTS = "Free Ruler/Free_Ruler.entitlements";
				CODE_SIGN_IDENTITY = "-";
				CODE_SIGN_STYLE = Automatic;
				COMBINE_HIDPI_IMAGES = YES;
				CURRENT_PROJECT_VERSION = 277;
				DEVELOPMENT_TEAM = X88CY268NZ;
				ENABLE_HARDENED_RUNTIME = YES;
				INFOPLIST_FILE = "Free Ruler/Info.plist";
				LD_RUNPATH_SEARCH_PATHS = (
					"@loader_path/../Frameworks",
					"@executable_path/../Frameworks",
				);
				MARKETING_VERSION = 2.0.5;
				PRODUCT_BUNDLE_IDENTIFIER = com.pascal.freeruler;
				PRODUCT_NAME = "$(TARGET_NAME)";
				SWIFT_VERSION = 5.0;
			};
			name = Debug;
		};
		6F4102952260713100F06A10 /* Release */ = {
			isa = XCBuildConfiguration;
			buildSettings = {
				ALWAYS_EMBED_SWIFT_STANDARD_LIBRARIES = YES;
				ASSETCATALOG_COMPILER_APPICON_NAME = AppIcon;
				CODE_SIGN_ENTITLEMENTS = "Free Ruler/Free_Ruler.entitlements";
				CODE_SIGN_IDENTITY = "-";
				CODE_SIGN_STYLE = Automatic;
				COMBINE_HIDPI_IMAGES = YES;
				CURRENT_PROJECT_VERSION = 277;
				DEVELOPMENT_TEAM = X88CY268NZ;
				ENABLE_HARDENED_RUNTIME = YES;
				INFOPLIST_FILE = "Free Ruler/Info.plist";
				LD_RUNPATH_SEARCH_PATHS = (
					"@loader_path/../Frameworks",
					"@executable_path/../Frameworks",
				);
				MARKETING_VERSION = 2.0.5;
				PRODUCT_BUNDLE_IDENTIFIER = com.pascal.freeruler;
				PRODUCT_NAME = "$(TARGET_NAME)";
				SWIFT_VERSION = 5.0;
			};
			name = Release;
		};
/* End XCBuildConfiguration section */

/* Begin XCConfigurationList section */
		6F4102802260712F00F06A10 /* Build configuration list for PBXProject "Free Ruler" */ = {
			isa = XCConfigurationList;
			buildConfigurations = (
				6F4102912260713100F06A10 /* Debug */,
				6F4102922260713100F06A10 /* Release */,
			);
			defaultConfigurationIsVisible = 0;
			defaultConfigurationName = Release;
		};
		6F4102932260713100F06A10 /* Build configuration list for PBXNativeTarget "Free Ruler" */ = {
			isa = XCConfigurationList;
			buildConfigurations = (
				6F4102942260713100F06A10 /* Debug */,
				6F4102952260713100F06A10 /* Release */,
			);
			defaultConfigurationIsVisible = 0;
			defaultConfigurationName = Release;
		};
/* End XCConfigurationList section */
	};
	rootObject = 6F41027D2260712F00F06A10 /* Project object */;
}
