{
  "originHash" : "e721da7f9826abdffcb6185e886155efa2514bd6234475f1afa893e29eb258d6",
  "pins" : [
    {
      "identity" : "sparkle",
      "kind" : "remoteSourceControl",
      "location" : "https://github.com/sparkle-project/Sparkle",
      "state" : {
        "revision" : "6276ba2b404829d139c45ff98427cf90e2efc59b",
        "version" : "2.9.2"
      }
    }
  ],
  "version" : 3
}
