// !$*UTF8*$!
{
	archiveVersion = 1;
	classes = {
	};
	objectVersion = 46;
	objects = {

/* Begin PBXBuildFile section */
		50486E771B2951E5001F17E1 /* README.md in Sources */ = {isa = PBXBuildFile; fileRef = 50486E761B2951E5001F17E1 /* README.md */; };
		509980361B27997B00AF73FF /* Ruler.swift in Sources */ = {isa = PBXBuildFile; fileRef = 509980351B27997B00AF73FF /* Ruler.swift */; };
		5099838B1B28DE8E00AF73FF /* RulerView.swift in Sources */ = {isa = PBXBuildFile; fileRef = 5099838A1B28DE8E00AF73FF /* RulerView.swift */; };
		5099838D1B28E07000AF73FF /* RulerWindow.swift in Sources */ = {isa = PBXBuildFile; fileRef = 5099838C1B28E07000AF73FF /* RulerWindow.swift */; };
		50DC1EDE1B26A31B00F71737 /* AppDelegate.swift in Sources */ = {isa = PBXBuildFile; fileRef = 50DC1EDD1B26A31B00F71737 /* AppDelegate.swift */; };
		50DC1EE01B26A31B00F71737 /* Images.xcassets in Resources */ = {isa = PBXBuildFile; fileRef = 50DC1EDF1B26A31B00F71737 /* Images.xcassets */; };
		50DC1EE31B26A31B00F71737 /* MainMenu.xib in Resources */ = {isa = PBXBuildFile; fileRef = 50DC1EE11B26A31B00F71737 /* MainMenu.xib */; };
		50DC1EEF1B26A31B00F71737 /* FreeRulerTests.swift in Sources */ = {isa = PBXBuildFile; fileRef = 50DC1EEE1B26A31B00F71737 /* FreeRulerTests.swift */; };
/* End PBXBuildFile section */

/* Begin PBXContainerItemProxy section */
		50DC1EE91B26A31B00F71737 /* PBXContainerItemProxy */ = {
			isa = PBXContainerItemProxy;
			containerPortal = 50DC1ED01B26A31B00F71737 /* Project object */;
			proxyType = 1;
			remoteGlobalIDString = 50DC1ED71B26A31B00F71737;
			remoteInfo = "Free Ruler";
		};
/* End PBXContainerItemProxy section */

/* Begin PBXFileReference section */
		50486E761B2951E5001F17E1 /* README.md */ = {isa = PBXFileReference; fileEncoding = 4; lastKnownFileType = net.daringfireball.markdown; path = README.md; sourceTree = "<group>"; };
		509980351B27997B00AF73FF /* Ruler.swift */ = {isa = PBXFileReference; fileEncoding = 4; lastKnownFileType = sourcecode.swift; path = Ruler.swift; sourceTree = "<group>"; };
		5099838A1B28DE8E00AF73FF /* RulerView.swift */ = {isa = PBXFileReference; fileEncoding = 4; lastKnownFileType = sourcecode.swift; path = RulerView.swift; sourceTree = "<group>"; };
		5099838C1B28E07000AF73FF /* RulerWindow.swift */ = {isa = PBXFileReference; fileEncoding = 4; lastKnownFileType = sourcecode.swift; path = RulerWindow.swift; sourceTree = "<group>"; };
		50DC1ED81B26A31B00F71737 /* FreeRuler.app */ = {isa = PBXFileReference; explicitFileType = wrapper.application; includeInIndex = 0; path = FreeRuler.app; sourceTree = BUILT_PRODUCTS_DIR; };
		50DC1EDC1B26A31B00F71737 /* Info.plist */ = {isa = PBXFileReference; lastKnownFileType = text.plist.xml; path = Info.plist; sourceTree = "<group>"; };
		50DC1EDD1B26A31B00F71737 /* AppDelegate.swift */ = {isa = PBXFileReference; lastKnownFileType = sourcecode.swift; path = AppDelegate.swift; sourceTree = "<group>"; };
		50DC1EDF1B26A31B00F71737 /* Images.xcassets */ = {isa = PBXFileReference; lastKnownFileType = folder.assetcatalog; path = Images.xcassets; sourceTree = "<group>"; };
		50DC1EE21B26A31B00F71737 /* Base */ = {isa = PBXFileReference; lastKnownFileType = file.xib; name = Base; path = Base.lproj/MainMenu.xib; sourceTree = "<group>"; };
		50DC1EE81B26A31B00F71737 /* FreeRulerTests.xctest */ = {isa = PBXFileReference; explicitFileType = wrapper.cfbundle; includeInIndex = 0; path = FreeRulerTests.xctest; sourceTree = BUILT_PRODUCTS_DIR; };
		50DC1EED1B26A31B00F71737 /* Info.plist */ = {isa = PBXFileReference; lastKnownFileType = text.plist.xml; path = Info.plist; sourceTree = "<group>"; };
		50DC1EEE1B26A31B00F71737 /* FreeRulerTests.swift */ = {isa = PBXFileReference; lastKnownFileType = sourcecode.swift; path = FreeRulerTests.swift; sourceTree = "<group>"; };
/* End PBXFileReference section */

/* Begin PBXFrameworksBuildPhase section */
		50DC1ED51B26A31B00F71737 /* Frameworks */ = {
			isa = PBXFrameworksBuildPhase;
			buildActionMask = 2147483647;
			files = (
			);
			runOnlyForDeploymentPostprocessing = 0;
		};
		50DC1EE51B26A31B00F71737 /* Frameworks */ = {
			isa = PBXFrameworksBuildPhase;
			buildActionMask = 2147483647;
			files = (
			);
			runOnlyForDeploymentPostprocessing = 0;
		};
/* End PBXFrameworksBuildPhase section */

/* Begin PBXGroup section */
		50DC1ECF1B26A31B00F71737 = {
			isa = PBXGroup;
			children = (
				50486E761B2951E5001F17E1 /* README.md */,
				50DC1EDA1B26A31B00F71737 /* FreeRuler */,
				50DC1EEB1B26A31B00F71737 /* FreeRulerTests */,
				50DC1ED91B26A31B00F71737 /* Products */,
			);
			sourceTree = "<group>";
		};
		50DC1ED91B26A31B00F71737 /* Products */ = {
			isa = PBXGroup;
			children = (
				50DC1ED81B26A31B00F71737 /* FreeRuler.app */,
				50DC1EE81B26A31B00F71737 /* FreeRulerTests.xctest */,
			);
			name = Products;
			sourceTree = "<group>";
		};
		50DC1EDA1B26A31B00F71737 /* FreeRuler */ = {
			isa = PBXGroup;
			children = (
				50DC1EDD1B26A31B00F71737 /* AppDelegate.swift */,
				50DC1EDF1B26A31B00F71737 /* Images.xcassets */,
				50DC1EE11B26A31B00F71737 /* MainMenu.xib */,
				5099838A1B28DE8E00AF73FF /* RulerView.swift */,
				5099838C1B28E07000AF73FF /* RulerWindow.swift */,
				509980351B27997B00AF73FF /* Ruler.swift */,
				50DC1EDB1B26A31B00F71737 /* Supporting Files */,
			);
			path = FreeRuler;
			sourceTree = "<group>";
		};
		50DC1EDB1B26A31B00F71737 /* Supporting Files */ = {
			isa = PBXGroup;
			children = (
				50DC1EDC1B26A31B00F71737 /* Info.plist */,
			);
			name = "Supporting Files";
			sourceTree = "<group>";
		};
		50DC1EEB1B26A31B00F71737 /* FreeRulerTests */ = {
			isa = PBXGroup;
			children = (
				50DC1EEE1B26A31B00F71737 /* FreeRulerTests.swift */,
				50DC1EEC1B26A31B00F71737 /* Supporting Files */,
			);
			path = FreeRulerTests;
			sourceTree = "<group>";
		};
		50DC1EEC1B26A31B00F71737 /* Supporting Files */ = {
			isa = PBXGroup;
			children = (
				50DC1EED1B26A31B00F71737 /* Info.plist */,
			);
			name = "Supporting Files";
			sourceTree = "<group>";
		};
/* End PBXGroup section */

/* Begin PBXNativeTarget section */
		50DC1ED71B26A31B00F71737 /* FreeRuler */ = {
			isa = PBXNativeTarget;
			buildConfigurationList = 50DC1EF21B26A31B00F71737 /* Build configuration list for PBXNativeTarget "FreeRuler" */;
			buildPhases = (
				50DC1ED41B26A31B00F71737 /* Sources */,
				50DC1ED51B26A31B00F71737 /* Frameworks */,
				50DC1ED61B26A31B00F71737 /* Resources */,
			);
			buildRules = (
			);
			dependencies = (
			);
			name = FreeRuler;
			productName = "Free Ruler";
			productReference = 50DC1ED81B26A31B00F71737 /* FreeRuler.app */;
			productType = "com.apple.product-type.application";
		};
		50DC1EE71B26A31B00F71737 /* FreeRulerTests */ = {
			isa = PBXNativeTarget;
			buildConfigurationList = 50DC1EF51B26A31B00F71737 /* Build configuration list for PBXNativeTarget "FreeRulerTests" */;
			buildPhases = (
				50DC1EE41B26A31B00F71737 /* Sources */,
				50DC1EE51B26A31B00F71737 /* Frameworks */,
				50DC1EE61B26A31B00F71737 /* Resources */,
			);
			buildRules = (
			);
			dependencies = (
				50DC1EEA1B26A31B00F71737 /* PBXTargetDependency */,
			);
			name = FreeRulerTests;
			productName = "Free RulerTests";
			productReference = 50DC1EE81B26A31B00F71737 /* FreeRulerTests.xctest */;
			productType = "com.apple.product-type.bundle.unit-test";
		};
/* End PBXNativeTarget section */

/* Begin PBXProject section */
		50DC1ED01B26A31B00F71737 /* Project object */ = {
			isa = PBXProject;
			attributes = {
				LastUpgradeCheck = 0630;
				ORGANIZATIONNAME = Pascal;
				TargetAttributes = {
					50DC1ED71B26A31B00F71737 = {
						CreatedOnToolsVersion = 6.3.2;
						DevelopmentTeam = 6WCM9T4Q4J;
					};
					50DC1EE71B26A31B00F71737 = {
						CreatedOnToolsVersion = 6.3.2;
					};
				};
			};
			buildConfigurationList = 50DC1ED31B26A31B00F71737 /* Build configuration list for PBXProject "FreeRuler" */;
			compatibilityVersion = "Xcode 3.2";
			developmentRegion = English;
			hasScannedForEncodings = 0;
			knownRegions = (
				en,
				Base,
			);
			mainGroup = 50DC1ECF1B26A31B00F71737;
			productRefGroup = 50DC1ED91B26A31B00F71737 /* Products */;
			projectDirPath = "";
			projectRoot = "";
			targets = (
				50DC1ED71B26A31B00F71737 /* FreeRuler */,
				50DC1EE71B26A31B00F71737 /* FreeRulerTests */,
			);
		};
/* End PBXProject section */

/* Begin PBXResourcesBuildPhase section */
		50DC1ED61B26A31B00F71737 /* Resources */ = {
			isa = PBXResourcesBuildPhase;
			buildActionMask = 2147483647;
			files = (
				50DC1EE01B26A31B00F71737 /* Images.xcassets in Resources */,
				50DC1EE31B26A31B00F71737 /* MainMenu.xib in Resources */,
			);
			runOnlyForDeploymentPostprocessing = 0;
		};
		50DC1EE61B26A31B00F71737 /* Resources */ = {
			isa = PBXResourcesBuildPhase;
			buildActionMask = 2147483647;
			files = (
			);
			runOnlyForDeploymentPostprocessing = 0;
		};
/* End PBXResourcesBuildPhase section */

/* Begin PBXSourcesBuildPhase section */
		50DC1ED41B26A31B00F71737 /* Sources */ = {
			isa = PBXSourcesBuildPhase;
			buildActionMask = 2147483647;
			files = (
				509980361B27997B00AF73FF /* Ruler.swift in Sources */,
				5099838B1B28DE8E00AF73FF /* RulerView.swift in Sources */,
				50486E771B2951E5001F17E1 /* README.md in Sources */,
				5099838D1B28E07000AF73FF /* RulerWindow.swift in Sources */,
				50DC1EDE1B26A31B00F71737 /* AppDelegate.swift in Sources */,
			);
			runOnlyForDeploymentPostprocessing = 0;
		};
		50DC1EE41B26A31B00F71737 /* Sources */ = {
			isa = PBXSourcesBuildPhase;
			buildActionMask = 2147483647;
			files = (
				50DC1EEF1B26A31B00F71737 /* FreeRulerTests.swift in Sources */,
			);
			runOnlyForDeploymentPostprocessing = 0;
		};
/* End PBXSourcesBuildPhase section */

/* Begin PBXTargetDependency section */
		50DC1EEA1B26A31B00F71737 /* PBXTargetDependency */ = {
			isa = PBXTargetDependency;
			target = 50DC1ED71B26A31B00F71737 /* FreeRuler */;
			targetProxy = 50DC1EE91B26A31B00F71737 /* PBXContainerItemProxy */;
		};
/* End PBXTargetDependency section */

/* Begin PBXVariantGroup section */
		50DC1EE11B26A31B00F71737 /* MainMenu.xib */ = {
			isa = PBXVariantGroup;
			children = (
				50DC1EE21B26A31B00F71737 /* Base */,
			);
			name = MainMenu.xib;
			sourceTree = "<group>";
		};
/* End PBXVariantGroup section */

/* Begin XCBuildConfiguration section */
		50DC1EF01B26A31B00F71737 /* Debug */ = {
			isa = XCBuildConfiguration;
			buildSettings = {
				ALWAYS_SEARCH_USER_PATHS = NO;
				CLANG_CXX_LANGUAGE_STANDARD = "gnu++0x";
				CLANG_CXX_LIBRARY = "libc++";
				CLANG_ENABLE_MODULES = YES;
				CLANG_ENABLE_OBJC_ARC = YES;
				CLANG_WARN_BOOL_CONVERSION = YES;
				CLANG_WARN_CONSTANT_CONVERSION = YES;
				CLANG_WARN_DIRECT_OBJC_ISA_USAGE = YES_ERROR;
				CLANG_WARN_EMPTY_BODY = YES;
				CLANG_WARN_ENUM_CONVERSION = YES;
				CLANG_WARN_INT_CONVERSION = YES;
				CLANG_WARN_OBJC_ROOT_CLASS = YES_ERROR;
				CLANG_WARN_UNREACHABLE_CODE = YES;
				CLANG_WARN__DUPLICATE_METHOD_MATCH = YES;
				CODE_SIGN_IDENTITY = "-";
				COPY_PHASE_STRIP = NO;
				DEBUG_INFORMATION_FORMAT = dwarf;
				ENABLE_STRICT_OBJC_MSGSEND = YES;
				GCC_C_LANGUAGE_STANDARD = gnu99;
				GCC_DYNAMIC_NO_PIC = NO;
				GCC_NO_COMMON_BLOCKS = YES;
				GCC_OPTIMIZATION_LEVEL = 0;
				GCC_PREPROCESSOR_DEFINITIONS = (
					"DEBUG=1",
					"$(inherited)",
				);
				GCC_SYMBOLS_PRIVATE_EXTERN = NO;
				GCC_WARN_64_TO_32_BIT_CONVERSION = YES;
				GCC_WARN_ABOUT_RETURN_TYPE = YES_ERROR;
				GCC_WARN_UNDECLARED_SELECTOR = YES;
				GCC_WARN_UNINITIALIZED_AUTOS = YES_AGGRESSIVE;
				GCC_WARN_UNUSED_FUNCTION = YES;
				GCC_WARN_UNUSED_VARIABLE = YES;
				MACOSX_DEPLOYMENT_TARGET = 10.10;
				MTL_ENABLE_DEBUG_INFO = YES;
				ONLY_ACTIVE_ARCH = YES;
				SDKROOT = macosx;
				SWIFT_OPTIMIZATION_LEVEL = "-Onone";
			};
			name = Debug;
		};
		50DC1EF11B26A31B00F71737 /* Release */ = {
			isa = XCBuildConfiguration;
			buildSettings = {
				ALWAYS_SEARCH_USER_PATHS = NO;
				CLANG_CXX_LANGUAGE_STANDARD = "gnu++0x";
				CLANG_CXX_LIBRARY = "libc++";
				CLANG_ENABLE_MODULES = YES;
				CLANG_ENABLE_OBJC_ARC = YES;
				CLANG_WARN_BOOL_CONVERSION = YES;
				CLANG_WARN_CONSTANT_CONVERSION = YES;
				CLANG_WARN_DIRECT_OBJC_ISA_USAGE = YES_ERROR;
				CLANG_WARN_EMPTY_BODY = YES;
				CLANG_WARN_ENUM_CONVERSION = YES;
				CLANG_WARN_INT_CONVERSION = YES;
				CLANG_WARN_OBJC_ROOT_CLASS = YES_ERROR;
				CLANG_WARN_UNREACHABLE_CODE = YES;
				CLANG_WARN__DUPLICATE_METHOD_MATCH = YES;
				CODE_SIGN_IDENTITY = "-";
				COPY_PHASE_STRIP = NO;
				DEBUG_INFORMATION_FORMAT = "dwarf-with-dsym";
				ENABLE_NS_ASSERTIONS = NO;
				ENABLE_STRICT_OBJC_MSGSEND = YES;
				GCC_C_LANGUAGE_STANDARD = gnu99;
				GCC_NO_COMMON_BLOCKS = YES;
				GCC_WARN_64_TO_32_BIT_CONVERSION = YES;
				GCC_WARN_ABOUT_RETURN_TYPE = YES_ERROR;
				GCC_WARN_UNDECLARED_SELECTOR = YES;
				GCC_WARN_UNINITIALIZED_AUTOS = YES_AGGRESSIVE;
				GCC_WARN_UNUSED_FUNCTION = YES;
				GCC_WARN_UNUSED_VARIABLE = YES;
				MACOSX_DEPLOYMENT_TARGET = 10.10;
				MTL_ENABLE_DEBUG_INFO = NO;
				SDKROOT = macosx;
			};
			name = Release;
		};
		50DC1EF31B26A31B00F71737 /* Debug */ = {
			isa = XCBuildConfiguration;
			buildSettings = {
				ASSETCATALOG_COMPILER_APPICON_NAME = AppIcon;
				CODE_SIGN_IDENTITY = "Mac Developer";
				COMBINE_HIDPI_IMAGES = YES;
				INFOPLIST_FILE = "$(SRCROOT)/FreeRuler/Info.plist";
				LD_RUNPATH_SEARCH_PATHS = "$(inherited) @executable_path/../Frameworks";
				PRODUCT_NAME = FreeRuler;
			};
			name = Debug;
		};
		50DC1EF41B26A31B00F71737 /* Release */ = {
			isa = XCBuildConfiguration;
			buildSettings = {
				ASSETCATALOG_COMPILER_APPICON_NAME = AppIcon;
				CODE_SIGN_IDENTITY = "Mac Developer";
				COMBINE_HIDPI_IMAGES = YES;
				INFOPLIST_FILE = "$(SRCROOT)/FreeRuler/Info.plist";
				LD_RUNPATH_SEARCH_PATHS = "$(inherited) @executable_path/../Frameworks";
				PRODUCT_NAME = FreeRuler;
			};
			name = Release;
		};
		50DC1EF61B26A31B00F71737 /* Debug */ = {
			isa = XCBuildConfiguration;
			buildSettings = {
				COMBINE_HIDPI_IMAGES = YES;
				FRAMEWORK_SEARCH_PATHS = (
					"$(DEVELOPER_FRAMEWORKS_DIR)",
					"$(inherited)",
				);
				GCC_PREPROCESSOR_DEFINITIONS = (
					"DEBUG=1",
					"$(inherited)",
				);
				INFOPLIST_FILE = FreeRulerTests/Info.plist;
				LD_RUNPATH_SEARCH_PATHS = "$(inherited) @executable_path/../Frameworks @loader_path/../Frameworks";
				PRODUCT_NAME = FreeRulerTests;
			};
			name = Debug;
		};
		50DC1EF71B26A31B00F71737 /* Release */ = {
			isa = XCBuildConfiguration;
			buildSettings = {
				COMBINE_HIDPI_IMAGES = YES;
				FRAMEWORK_SEARCH_PATHS = (
					"$(DEVELOPER_FRAMEWORKS_DIR)",
					"$(inherited)",
				);
				INFOPLIST_FILE = FreeRulerTests/Info.plist;
				LD_RUNPATH_SEARCH_PATHS = "$(inherited) @executable_path/../Frameworks @loader_path/../Frameworks";
				PRODUCT_NAME = FreeRulerTests;
			};
			name = Release;
		};
/* End XCBuildConfiguration section */

/* Begin XCConfigurationList section */
		50DC1ED31B26A31B00F71737 /* Build configuration list for PBXProject "FreeRuler" */ = {
			isa = XCConfigurationList;
			buildConfigurations = (
				50DC1EF01B26A31B00F71737 /* Debug */,
				50DC1EF11B26A31B00F71737 /* Release */,
			);
			defaultConfigurationIsVisible = 0;
			defaultConfigurationName = Release;
		};
		50DC1EF21B26A31B00F71737 /* Build configuration list for PBXNativeTarget "FreeRuler" */ = {
			isa = XCConfigurationList;
			buildConfigurations = (
				50DC1EF31B26A31B00F71737 /* Debug */,
				50DC1EF41B26A31B00F71737 /* Release */,
			);
			defaultConfigurationIsVisible = 0;
			defaultConfigurationName = Release;
		};
		50DC1EF51B26A31B00F71737 /* Build configuration list for PBXNativeTarget "FreeRulerTests" */ = {
			isa = XCConfigurationList;
			buildConfigurations = (
				50DC1EF61B26A31B00F71737 /* Debug */,
				50DC1EF71B26A31B00F71737 /* Release */,
			);
			defaultConfigurationIsVisible = 0;
			defaultConfigurationName = Release;
		};
/* End XCConfigurationList section */
	};
	rootObject = 50DC1ED01B26A31B00F71737 /* Project object */;
}
